Microsoft Visual Studio Solution File, Format Version 12.00
# Visual Studio 15
VisualStudioVersion = 15.0.26730.16
MinimumVisualStudioVersion = 15.0.26124.0
Project("{9A19103F-16F7-4668-BE54-9A1E7A4F7556}") = "Jasiri", "Jasiri\Jasiri.csproj", "{F3564DEA-0954-4A28-965D-08F7933B9EF0}"
EndProject
Project("{FAE04EC0-301F-11D3-BF4B-00C04F79EFBC}") = "Jasiri.Tests", "Jasiri.Tests\Jasiri.Tests.csproj", "{56B7CE07-121E-4028-8F70-D049CB11E243}"
EndProject
Global
	GlobalSection(SolutionConfigurationPlatforms) = preSolution
		Debug|Any CPU = Debug|Any CPU
		Debug|x64 = Debug|x64
		Debug|x86 = Debug|x86
		Release|Any CPU = Release|Any CPU
		Release|x64 = Release|x64
		Release|x86 = Release|x86
	EndGlobalSection
	GlobalSection(ProjectConfigurationPlatforms) = postSolution
		{F3564DEA-0954-4A28-965D-08F7933B9EF0}.Debug|Any CPU.ActiveCfg = Debug|Any CPU
		{F3564DEA-0954-4A28-965D-08F7933B9EF0}.Debug|Any CPU.Build.0 = Debug|Any CPU
		{F3564DEA-0954-4A28-965D-08F7933B9EF0}.Debug|x64.ActiveCfg = Debug|Any CPU
		{F3564DEA-0954-4A28-965D-08F7933B9EF0}.Debug|x64.Build.0 = Debug|Any CPU
		{F3564DEA-0954-4A28-965D-08F7933B9EF0}.Debug|x86.ActiveCfg = Debug|Any CPU
		{F3564DEA-0954-4A28-965D-08F7933B9EF0}.Debug|x86.Build.0 = Debug|Any CPU
		{F3564DEA-0954-4A28-965D-08F7933B9EF0}.Release|Any CPU.ActiveCfg = Release|Any CPU
		{F3564DEA-0954-4A28-965D-08F7933B9EF0}.Release|Any CPU.Build.0 = Release|Any CPU
		{F3564DEA-0954-4A28-965D-08F7933B9EF0}.Release|x64.ActiveCfg = Release|Any CPU
		{F3564DEA-0954-4A28-965D-08F7933B9EF0}.Release|x64.Build.0 = Release|Any CPU
		{F3564DEA-0954-4A28-965D-08F7933B9EF0}.Release|x86.ActiveCfg = Release|Any CPU
		{F3564DEA-0954-4A28-965D-08F7933B9EF0}.Release|x86.Build.0 = Release|Any CPU
		{56B7CE07-121E-4028-8F70-D049CB11E243}.Debug|Any CPU.ActiveCfg = Debug|Any CPU
		{56B7CE07-121E-4028-8F70-D049CB11E243}.Debug|Any CPU.Build.0 = Debug|Any CPU
		{56B7CE07-121E-4028-8F70-D049CB11E243}.Debug|x64.ActiveCfg = Debug|Any CPU
		{56B7CE07-121E-4028-8F70-D049CB11E243}.Debug|x64.Build.0 = Debug|Any CPU
		{56B7CE07-121E-4028-8F70-D049CB11E243}.Debug|x86.ActiveCfg = Debug|Any CPU
		{56B7CE07-121E-4028-8F70-D049CB11E243}.Debug|x86.Build.0 = Debug|Any CPU
		{56B7CE07-121E-4028-8F70-D049CB11E243}.Release|Any CPU.ActiveCfg = Release|Any CPU
		{56B7CE07-121E-4028-8F70-D049CB11E243}.Release|Any CPU.Build.0 = Release|Any CPU
		{56B7CE07-121E-4028-8F70-D049CB11E243}.Release|x64.ActiveCfg = Release|Any CPU
		{56B7CE07-121E-4028-8F70-D049CB11E243}.Release|x64.Build.0 = Release|Any CPU
		{56B7CE07-121E-4028-8F70-D049CB11E243}.Release|x86.ActiveCfg = Release|Any CPU
		{56B7CE07-121E-4028-8F70-D049CB11E243}.Release|x86.Build.0 = Release|Any CPU
	EndGlobalSection
	GlobalSection(SolutionProperties) = preSolution
		HideSolutionNode = FALSE
	EndGlobalSection
	GlobalSection(ExtensibilityGlobals) = postSolution
		SolutionGuid = {D3322D37-31E5-40BA-A258-C8300F32C806}
	EndGlobalSection
EndGlobal
